
Microsoft Visual Studio Solution File, Format Version 12.00
# Visual Studio for Mac
Project("{FAE04EC0-301F-11D3-BF4B-00C04F79EFBC}") = "Assembly-CSharp", "Assembly-CSharp.csproj", "{FE73FD27-A1CD-66A0-E59D-C7805BC84FEE}"
EndProject
Global
	GlobalSection(SolutionConfigurationPlatforms) = preSolution
		Debug|Any CPU = Debug|Any CPU
		Release|Any CPU = Release|Any CPU
	EndGlobalSection
	GlobalSection(ProjectConfigurationPlatforms) = postSolution
		{FE73FD27-A1CD-66A0-E59D-C7805BC84FEE}.Debug|Any CPU.ActiveCfg = Debug|Any CPU
		{FE73FD27-A1CD-66A0-E59D-C7805BC84FEE}.Debug|Any CPU.Build.0 = Debug|Any CPU
		{FE73FD27-A1CD-66A0-E59D-C7805BC84FEE}.Release|Any CPU.ActiveCfg = Release|Any CPU
		{FE73FD27-A1CD-66A0-E59D-C7805BC84FEE}.Release|Any CPU.Build.0 = Release|Any CPU
	EndGlobalSection
	GlobalSection(SolutionProperties) = preSolution
		HideSolutionNode = FALSE
	EndGlobalSection
EndGlobal
